PODS:
  - Alamofire (4.5.1)
  - AlamofireObjectMapper (5.0.0):
    - Alamofire (~> 4.1)
    - ObjectMapper (~> 3.0)
  - Kingfisher (4.1.0)
  - MJRefresh (3.1.13)
  - ObjectMapper (3.0.0)

DEPENDENCIES:
  - Alamofire
  - AlamofireObjectMapper (from `https://github.com/tristanhimmelman/AlamofireObjectMapper`, branch `swift-4`)
  - Kingfisher
  - MJRefresh
  - ObjectMapper (from `https://github.com/Hearst-DD/ObjectMapper`, branch `swift-4`)

EXTERNAL SOURCES:
  AlamofireObjectMapper:
    :branch: swift-4
    :git: https://github.com/tristanhimmelman/AlamofireObjectMapper
  ObjectMapper:
    :branch: swift-4
    :git: https://github.com/Hearst-DD/ObjectMapper

CHECKOUT OPTIONS:
  AlamofireObjectMapper:
    :commit: 9304efad0c1f68d6fc25cf565bd30ff862501664
    :git: https://github.com/tristanhimmelman/AlamofireObjectMapper
  ObjectMapper:
    :commit: 18051553fc44e98ffb1b7e93fa94cd184283d993
    :git: https://github.com/Hearst-DD/ObjectMapper

SPEC CHECKSUMS:
  Alamofire: 2d95912bf4c34f164fdfc335872e8c312acaea4a
  AlamofireObjectMapper: e1ff207b71715478ab69f12ca85112f37b139de8
  Kingfisher: f14df8cbe576bf55f211fa589e9869bceb4ea87d
  MJRefresh: 56a28aa628c9895e97a518dabaecf70b18f92f32
  ObjectMapper: 739e5530df22248823f6cc7ed9e016ebf2c26a27

PODFILE CHECKSUM: d2d7c3c57a4c09dd700c627080ae46a5337002e2

COCOAPODS: 1.1.1
